
Microsoft Visual Studio Solution File, Format Version 12.00
Project("{FAE04EC0-301F-11D3-BF4B-00C04F79EFBC}") = "TestingExample", "TestingExample\TestingExample.csproj", "{2207AFEC-3304-4701-8E35-5F09B8D9DFAB}"
EndProject
Project("{FAE04EC0-301F-11D3-BF4B-00C04F79EFBC}") = "Tests", "Tests\Tests.csproj", "{949A693B-00B6-49C2-90F2-720790855369}"
EndProject
Project("{FAE04EC0-301F-11D3-BF4B-00C04F79EFBC}") = "Infrastructure", "Infrastructure\Infrastructure.csproj", "{81092CD6-693B-4D75-A1EC-7B24CD01CCDF}"
EndProject
Project("{FAE04EC0-301F-11D3-BF4B-00C04F79EFBC}") = "Contoso.Shared", "Contoso.Shared\Contoso.Shared.csproj", "{EC01DDF5-5957-4842-87A4-449EACF3D3B8}"
EndProject
Project("{2150E333-8FDC-42A3-9474-1A3956D46DE8}") = "_solutionFolder", "_solutionFolder", "{FD3147A8-FA9F-4D0D-BB4A-923D1EEB08A7}"
ProjectSection(SolutionItems) = preProject
	.editorconfig = .editorconfig
	.gitignore = .gitignore
	Directory.Build.props = Directory.Build.props
	global.json = global.json
	Readme.md = Readme.md
EndProjectSection
EndProject
Global
	GlobalSection(SolutionConfigurationPlatforms) = preSolution
		Debug|Any CPU = Debug|Any CPU
		Release|Any CPU = Release|Any CPU
	EndGlobalSection
	GlobalSection(ProjectConfigurationPlatforms) = postSolution
		{2207AFEC-3304-4701-8E35-5F09B8D9DFAB}.Debug|Any CPU.ActiveCfg = Debug|Any CPU
		{2207AFEC-3304-4701-8E35-5F09B8D9DFAB}.Debug|Any CPU.Build.0 = Debug|Any CPU
		{2207AFEC-3304-4701-8E35-5F09B8D9DFAB}.Release|Any CPU.ActiveCfg = Release|Any CPU
		{2207AFEC-3304-4701-8E35-5F09B8D9DFAB}.Release|Any CPU.Build.0 = Release|Any CPU
		{949A693B-00B6-49C2-90F2-720790855369}.Debug|Any CPU.ActiveCfg = Debug|Any CPU
		{949A693B-00B6-49C2-90F2-720790855369}.Debug|Any CPU.Build.0 = Debug|Any CPU
		{949A693B-00B6-49C2-90F2-720790855369}.Release|Any CPU.ActiveCfg = Release|Any CPU
		{949A693B-00B6-49C2-90F2-720790855369}.Release|Any CPU.Build.0 = Release|Any CPU
		{81092CD6-693B-4D75-A1EC-7B24CD01CCDF}.Debug|Any CPU.ActiveCfg = Debug|Any CPU
		{81092CD6-693B-4D75-A1EC-7B24CD01CCDF}.Debug|Any CPU.Build.0 = Debug|Any CPU
		{81092CD6-693B-4D75-A1EC-7B24CD01CCDF}.Release|Any CPU.ActiveCfg = Release|Any CPU
		{81092CD6-693B-4D75-A1EC-7B24CD01CCDF}.Release|Any CPU.Build.0 = Release|Any CPU
		{EC01DDF5-5957-4842-87A4-449EACF3D3B8}.Debug|Any CPU.ActiveCfg = Debug|Any CPU
		{EC01DDF5-5957-4842-87A4-449EACF3D3B8}.Debug|Any CPU.Build.0 = Debug|Any CPU
		{EC01DDF5-5957-4842-87A4-449EACF3D3B8}.Release|Any CPU.ActiveCfg = Release|Any CPU
		{EC01DDF5-5957-4842-87A4-449EACF3D3B8}.Release|Any CPU.Build.0 = Release|Any CPU
	EndGlobalSection
EndGlobal
